
Microsoft Visual Studio Solution File, Format Version 12.00
# Visual Studio Version 17
VisualStudioVersion = 17.14.36414.22 d17.14
MinimumVisualStudioVersion = 10.0.40219.1
Project("{FAE04EC0-301F-11D3-BF4B-00C04F79EFBC}") = "cashRegistry", "cashRegistry\cashRegistry.csproj", "{B5A2A08D-D3DA-48FC-BB39-609358565C2D}"
EndProject
Global
	GlobalSection(SolutionConfigurationPlatforms) = preSolution
		Debug|Any CPU = Debug|Any CPU
		Release|Any CPU = Release|Any CPU
	EndGlobalSection
	GlobalSection(ProjectConfigurationPlatforms) = postSolution
		{B5A2A08D-D3DA-48FC-BB39-609358565C2D}.Debug|Any CPU.ActiveCfg = Debug|Any CPU
		{B5A2A08D-D3DA-48FC-BB39-609358565C2D}.Debug|Any CPU.Build.0 = Debug|Any CPU
		{B5A2A08D-D3DA-48FC-BB39-609358565C2D}.Release|Any CPU.ActiveCfg = Release|Any CPU
		{B5A2A08D-D3DA-48FC-BB39-609358565C2D}.Release|Any CPU.Build.0 = Release|Any CPU
	EndGlobalSection
	GlobalSection(SolutionProperties) = preSolution
		HideSolutionNode = FALSE
	EndGlobalSection
	GlobalSection(ExtensibilityGlobals) = postSolution
		SolutionGuid = {72344262-2F8B-4B40-B4B5-19013D2A9CCE}
	EndGlobalSection
EndGlobal
